github.com/xhinliang/gosimplifier v0.0.1 h1:O13hnQ11M6bD+p+f2Hs87vSZBLA1te2U0Lbh2UQn/YA=
github.com/xhinliang/gosimplifier v0.0.1/go.mod h1:u/umizOiafnyc4rXW0WLctnGk41ixUYjADWKNzSGsKo=
muzzammil.xyz/jsonc v1.0.0 h1:B6kaT3wHueZ87mPz3q1nFuM1BlL32IG0wcq0/uOsQ18=
muzzammil.xyz/jsonc v1.0.0/go.mod h1:rFv8tUUKe+QLh7v02BhfxXEf4ZHhYD7unR93HL/1Uvo=
